Microsoft Visual Studio Solution File, Format Version 11.00
# Visual Studio 2008

Project("{199D2CDF-F476-357A-E65C-3B6291E91A45}") = "dominos", "Assembly-CSharp-firstpass.csproj", "{283FFE08-08F2-FC68-7DD5-94AC2E2A7000}"
EndProject
Project("{199D2CDF-F476-357A-E65C-3B6291E91A45}") = "dominos", "Assembly-CSharp.csproj", "{28A64201-F6BB-C099-DE10-7DD166995A09}"
EndProject
Project("{199D2CDF-F476-357A-E65C-3B6291E91A45}") = "dominos", "Assembly-CSharp-Editor.csproj", "{7B737445-6E15-F8F1-98DD-F9E8122352D0}"
EndProject
Global
	GlobalSection(SolutionConfigurationPlatforms) = preSolution
		Debug|Any CPU = Debug|Any CPU
		Release|Any CPU = Release|Any CPU
	EndGlobalSection
	GlobalSection(ProjectConfigurationPlatforms) = postSolution
		{283FFE08-08F2-FC68-7DD5-94AC2E2A7000}.Debug|Any CPU.ActiveCfg = Debug|Any CPU
		{283FFE08-08F2-FC68-7DD5-94AC2E2A7000}.Debug|Any CPU.Build.0 = Debug|Any CPU
		{283FFE08-08F2-FC68-7DD5-94AC2E2A7000}.Release|Any CPU.ActiveCfg = Release|Any CPU
		{283FFE08-08F2-FC68-7DD5-94AC2E2A7000}.Release|Any CPU.Build.0 = Release|Any CPU
		{28A64201-F6BB-C099-DE10-7DD166995A09}.Debug|Any CPU.ActiveCfg = Debug|Any CPU
		{28A64201-F6BB-C099-DE10-7DD166995A09}.Debug|Any CPU.Build.0 = Debug|Any CPU
		{28A64201-F6BB-C099-DE10-7DD166995A09}.Release|Any CPU.ActiveCfg = Release|Any CPU
		{28A64201-F6BB-C099-DE10-7DD166995A09}.Release|Any CPU.Build.0 = Release|Any CPU
		{7B737445-6E15-F8F1-98DD-F9E8122352D0}.Debug|Any CPU.ActiveCfg = Debug|Any CPU
		{7B737445-6E15-F8F1-98DD-F9E8122352D0}.Debug|Any CPU.Build.0 = Debug|Any CPU
		{7B737445-6E15-F8F1-98DD-F9E8122352D0}.Release|Any CPU.ActiveCfg = Release|Any CPU
		{7B737445-6E15-F8F1-98DD-F9E8122352D0}.Release|Any CPU.Build.0 = Release|Any CPU
	EndGlobalSection
	GlobalSection(SolutionProperties) = preSolution
		HideSolutionNode = FALSE
	EndGlobalSection
	GlobalSection(MonoDevelopProperties) = preSolution
		StartupItem = Assembly-CSharp.csproj
	EndGlobalSection
EndGlobal
